
Microsoft Visual Studio Solution File, Format Version 12.00
# Visual Studio Version 17
VisualStudioVersion = 17.4.33213.308
MinimumVisualStudioVersion = 10.0.40219.1
Project("{FAE04EC0-301F-11D3-BF4B-00C04F79EFBC}") = "WebApplication1(project)", "WebApplication1(project)\WebApplication1(project).csproj", "{ECF3D32E-A588-4FD0-8C12-37C1726E2FDB}"
EndProject
Global
	GlobalSection(SolutionConfigurationPlatforms) = preSolution
		Debug|Any CPU = Debug|Any CPU
		Release|Any CPU = Release|Any CPU
	EndGlobalSection
	GlobalSection(ProjectConfigurationPlatforms) = postSolution
		{ECF3D32E-A588-4FD0-8C12-37C1726E2FDB}.Debug|Any CPU.ActiveCfg = Debug|Any CPU
		{ECF3D32E-A588-4FD0-8C12-37C1726E2FDB}.Debug|Any CPU.Build.0 = Debug|Any CPU
		{ECF3D32E-A588-4FD0-8C12-37C1726E2FDB}.Release|Any CPU.ActiveCfg = Release|Any CPU
		{ECF3D32E-A588-4FD0-8C12-37C1726E2FDB}.Release|Any CPU.Build.0 = Release|Any CPU
	EndGlobalSection
	GlobalSection(SolutionProperties) = preSolution
		HideSolutionNode = FALSE
	EndGlobalSection
	GlobalSection(ExtensibilityGlobals) = postSolution
		SolutionGuid = {66A9286E-BA39-4051-B527-1F4E7894B6B5}
	EndGlobalSection
EndGlobal
